{"name": "root", "lockfileVersion": 3, "packages": {
  "": {"workspaces": ["server", "web"], "devDependencies": {"typescript": "^5.6.0"}},
  "server": {"dependencies": {"hono": "^4.6.0"}, "devDependencies": {"vitest": "^3.2.0"}},
  "web": {"dependencies": {"react": "^19.0.0", "hono": "^4.5.0"}},
  "node_modules/typescript": {"version": "5.6.3", "dev": true},
  "node_modules/hono": {"version": "4.6.1"},
  "node_modules/vitest": {"version": "3.2.4", "dev": true},
  "node_modules/react": {"version": "19.0.0"},
  "web/node_modules/hono": {"version": "4.5.9"}
}}
